// !$*UTF8*$!
{
	archiveVersion = 1;
	classes = {
	};
	objectVersion = 55;
	objects = {

/* Begin PBXBuildFile section */
		4E1004492906A4D800CC1384 /* main.swift in Sources */ = {isa = PBXBuildFile; fileRef = 4E1004482906A4D800CC1384 /* main.swift */; };
		4E1004532906A9F500CC1384 /* game.swift in Sources */ = {isa = PBXBuildFile; fileRef = 4E1004522906A9F500CC1384 /* game.swift */; };
		4E1004552906AA5400CC1384 /* teams.swift in Sources */ = {isa = PBXBuildFile; fileRef = 4E1004542906AA5400CC1384 /* teams.swift */; };
		4E255E9F29093B6700AE3236 /* Character.swift in Sources */ = {isa = PBXBuildFile; fileRef = 4E255E9E29093B6700AE3236 /* Character.swift */; };
		4E2B517529093EE600D66BCD /* Dwarf.swift in Sources */ = {isa = PBXBuildFile; fileRef = 4E2B517429093EE600D66BCD /* Dwarf.swift */; };
		4E2B517729093EF400D66BCD /* Magus.swift in Sources */ = {isa = PBXBuildFile; fileRef = 4E2B517629093EF400D66BCD /* Magus.swift */; };
		4E2B517929093F0100D66BCD /* Colossus.swift in Sources */ = {isa = PBXBuildFile; fileRef = 4E2B517829093F0100D66BCD /* Colossus.swift */; };
		4E2B517B29093F0D00D66BCD /* Warrior.swift in Sources */ = {isa = PBXBuildFile; fileRef = 4E2B517A29093F0D00D66BCD /* Warrior.swift */; };
		4E2B517D29093F8600D66BCD /* Weapon.swift in Sources */ = {isa = PBXBuildFile; fileRef = 4E2B517C29093F8600D66BCD /* Weapon.swift */; };
/* End PBXBuildFile section */

/* Begin PBXCopyFilesBuildPhase section */
		4E1004432906A4D800CC1384 /* CopyFiles */ = {
			isa = PBXCopyFilesBuildPhase;
			buildActionMask = 2147483647;
			dstPath = /usr/share/man/man1/;
			dstSubfolderSpec = 0;
			files = (
			);
			runOnlyForDeploymentPostprocessing = 1;
		};
/* End PBXCopyFilesBuildPhase section */

/* Begin PBXFileReference section */
		4E1004452906A4D800CC1384 /* French_Game_Factory */ = {isa = PBXFileReference; explicitFileType = "compiled.mach-o.executable"; includeInIndex = 0; path = French_Game_Factory; sourceTree = BUILT_PRODUCTS_DIR; };
		4E1004482906A4D800CC1384 /* main.swift */ = {isa = PBXFileReference; lastKnownFileType = sourcecode.swift; path = main.swift; sourceTree = "<group>"; };
		4E1004522906A9F500CC1384 /* game.swift */ = {isa = PBXFileReference; lastKnownFileType = sourcecode.swift; path = game.swift; sourceTree = "<group>"; };
		4E1004542906AA5400CC1384 /* teams.swift */ = {isa = PBXFileReference; lastKnownFileType = sourcecode.swift; path = teams.swift; sourceTree = "<group>"; };
		4E255E9E29093B6700AE3236 /* Character.swift */ = {isa = PBXFileReference; lastKnownFileType = sourcecode.swift; path = Character.swift; sourceTree = "<group>"; };
		4E2B517429093EE600D66BCD /* Dwarf.swift */ = {isa = PBXFileReference; lastKnownFileType = sourcecode.swift; path = Dwarf.swift; sourceTree = "<group>"; };
		4E2B517629093EF400D66BCD /* Magus.swift */ = {isa = PBXFileReference; lastKnownFileType = sourcecode.swift; path = Magus.swift; sourceTree = "<group>"; };
		4E2B517829093F0100D66BCD /* Colossus.swift */ = {isa = PBXFileReference; lastKnownFileType = sourcecode.swift; path = Colossus.swift; sourceTree = "<group>"; };
		4E2B517A29093F0D00D66BCD /* Warrior.swift */ = {isa = PBXFileReference; lastKnownFileType = sourcecode.swift; path = Warrior.swift; sourceTree = "<group>"; };
		4E2B517C29093F8600D66BCD /* Weapon.swift */ = {isa = PBXFileReference; lastKnownFileType = sourcecode.swift; path = Weapon.swift; sourceTree = "<group>"; };
/* End PBXFileReference section */

/* Begin PBXFrameworksBuildPhase section */
		4E1004422906A4D800CC1384 /* Frameworks */ = {
			isa = PBXFrameworksBuildPhase;
			buildActionMask = 2147483647;
			files = (
			);
			runOnlyForDeploymentPostprocessing = 0;
		};
/* End PBXFrameworksBuildPhase section */

/* Begin PBXGroup section */
		4E10043C2906A4D800CC1384 = {
			isa = PBXGroup;
			children = (
				4E1004472906A4D800CC1384 /* French_Game_Factory */,
				4E1004462906A4D800CC1384 /* Products */,
			);
			sourceTree = "<group>";
		};
		4E1004462906A4D800CC1384 /* Products */ = {
			isa = PBXGroup;
			children = (
				4E1004452906A4D800CC1384 /* French_Game_Factory */,
			);
			name = Products;
			sourceTree = "<group>";
		};
		4E1004472906A4D800CC1384 /* French_Game_Factory */ = {
			isa = PBXGroup;
			children = (
				4E1004482906A4D800CC1384 /* main.swift */,
				4E1004522906A9F500CC1384 /* game.swift */,
				4E1004542906AA5400CC1384 /* teams.swift */,
				4E1004512906A9C500CC1384 /* Weapons */,
				4E10044F2906A9A400CC1384 /* Characters */,
			);
			path = French_Game_Factory;
			sourceTree = "<group>";
		};
		4E10044F2906A9A400CC1384 /* Characters */ = {
			isa = PBXGroup;
			children = (
				4E255E9E29093B6700AE3236 /* Character.swift */,
				4E2B517429093EE600D66BCD /* Dwarf.swift */,
				4E2B517629093EF400D66BCD /* Magus.swift */,
				4E2B517829093F0100D66BCD /* Colossus.swift */,
				4E2B517A29093F0D00D66BCD /* Warrior.swift */,
			);
			path = Characters;
			sourceTree = "<group>";
		};
		4E1004512906A9C500CC1384 /* Weapons */ = {
			isa = PBXGroup;
			children = (
				4E2B517C29093F8600D66BCD /* Weapon.swift */,
			);
			path = Weapons;
			sourceTree = "<group>";
		};
/* End PBXGroup section */

/* Begin PBXNativeTarget section */
		4E1004442906A4D800CC1384 /* French_Game_Factory */ = {
			isa = PBXNativeTarget;
			buildConfigurationList = 4E10044C2906A4D800CC1384 /* Build configuration list for PBXNativeTarget "French_Game_Factory" */;
			buildPhases = (
				4E1004412906A4D800CC1384 /* Sources */,
				4E1004422906A4D800CC1384 /* Frameworks */,
				4E1004432906A4D800CC1384 /* CopyFiles */,
			);
			buildRules = (
			);
			dependencies = (
			);
			name = French_Game_Factory;
			productName = French_Game_Factory;
			productReference = 4E1004452906A4D800CC1384 /* French_Game_Factory */;
			productType = "com.apple.product-type.tool";
		};
/* End PBXNativeTarget section */

/* Begin PBXProject section */
		4E10043D2906A4D800CC1384 /* Project object */ = {
			isa = PBXProject;
			attributes = {
				BuildIndependentTargetsInParallel = 1;
				LastSwiftUpdateCheck = 1340;
				LastUpgradeCheck = 1340;
				TargetAttributes = {
					4E1004442906A4D800CC1384 = {
						CreatedOnToolsVersion = 13.4;
					};
				};
			};
			buildConfigurationList = 4E1004402906A4D800CC1384 /* Build configuration list for PBXProject "French_Game_Factory" */;
			compatibilityVersion = "Xcode 13.0";
			developmentRegion = en;
			hasScannedForEncodings = 0;
			knownRegions = (
				en,
				Base,
			);
			mainGroup = 4E10043C2906A4D800CC1384;
			productRefGroup = 4E1004462906A4D800CC1384 /* Products */;
			projectDirPath = "";
			projectRoot = "";
			targets = (
				4E1004442906A4D800CC1384 /* French_Game_Factory */,
			);
		};
/* End PBXProject section */

/* Begin PBXSourcesBuildPhase section */
		4E1004412906A4D800CC1384 /* Sources */ = {
			isa = PBXSourcesBuildPhase;
			buildActionMask = 2147483647;
			files = (
				4E1004552906AA5400CC1384 /* teams.swift in Sources */,
				4E1004492906A4D800CC1384 /* main.swift in Sources */,
				4E2B517529093EE600D66BCD /* Dwarf.swift in Sources */,
				4E2B517929093F0100D66BCD /* Colossus.swift in Sources */,
				4E1004532906A9F500CC1384 /* game.swift in Sources */,
				4E255E9F29093B6700AE3236 /* Character.swift in Sources */,
				4E2B517B29093F0D00D66BCD /* Warrior.swift in Sources */,
				4E2B517729093EF400D66BCD /* Magus.swift in Sources */,
				4E2B517D29093F8600D66BCD /* Weapon.swift in Sources */,
			);
			runOnlyForDeploymentPostprocessing = 0;
		};
/* End PBXSourcesBuildPhase section */

/* Begin XCBuildConfiguration section */
		4E10044A2906A4D800CC1384 /* Debug */ = {
			isa = XCBuildConfiguration;
			buildSettings = {
				ALWAYS_SEARCH_USER_PATHS = NO;
				CLANG_ANALYZER_NONNULL = YES;
				CLANG_ANALYZER_NUMBER_OBJECT_CONVERSION = YES_AGGRESSIVE;
				CLANG_CXX_LANGUAGE_STANDARD = "gnu++17";
				CLANG_ENABLE_MODULES = YES;
				CLANG_ENABLE_OBJC_ARC = YES;
				CLANG_ENABLE_OBJC_WEAK = YES;
				CLANG_WARN_BLOCK_CAPTURE_AUTORELEASING = YES;
				CLANG_WARN_BOOL_CONVERSION = YES;
				CLANG_WARN_COMMA = YES;
				CLANG_WARN_CONSTANT_CONVERSION = YES;
				CLANG_WARN_DEPRECATED_OBJC_IMPLEMENTATIONS = YES;
				CLANG_WARN_DIRECT_OBJC_ISA_USAGE = YES_ERROR;
				CLANG_WARN_DOCUMENTATION_COMMENTS = YES;
				CLANG_WARN_EMPTY_BODY = YES;
				CLANG_WARN_ENUM_CONVERSION = YES;
				CLANG_WARN_INFINITE_RECURSION = YES;
				CLANG_WARN_INT_CONVERSION = YES;
				CLANG_WARN_NON_LITERAL_NULL_CONVERSION = YES;
				CLANG_WARN_OBJC_IMPLICIT_RETAIN_SELF = YES;
				CLANG_WARN_OBJC_LITERAL_CONVERSION = YES;
				CLANG_WARN_OBJC_ROOT_CLASS = YES_ERROR;
				CLANG_WARN_QUOTED_INCLUDE_IN_FRAMEWORK_HEADER = YES;
				CLANG_WARN_RANGE_LOOP_ANALYSIS = YES;
				CLANG_WARN_STRICT_PROTOTYPES = YES;
				CLANG_WARN_SUSPICIOUS_MOVE = YES;
				CLANG_WARN_UNGUARDED_AVAILABILITY = YES_AGGRESSIVE;
				CLANG_WARN_UNREACHABLE_CODE = YES;
				CLANG_WARN__DUPLICATE_METHOD_MATCH = YES;
				COPY_PHASE_STRIP = NO;
				DEBUG_INFORMATION_FORMAT = dwarf;
				ENABLE_STRICT_OBJC_MSGSEND = YES;
				ENABLE_TESTABILITY = YES;
				GCC_C_LANGUAGE_STANDARD = gnu11;
				GCC_DYNAMIC_NO_PIC = NO;
				GCC_NO_COMMON_BLOCKS = YES;
				GCC_OPTIMIZATION_LEVEL = 0;
				GCC_PREPROCESSOR_DEFINITIONS = (
					"DEBUG=1",
					"$(inherited)",
				);
				GCC_WARN_64_TO_32_BIT_CONVERSION = YES;
				GCC_WARN_ABOUT_RETURN_TYPE = YES_ERROR;
				GCC_WARN_UNDECLARED_SELECTOR = YES;
				GCC_WARN_UNINITIALIZED_AUTOS = YES_AGGRESSIVE;
				GCC_WARN_UNUSED_FUNCTION = YES;
				GCC_WARN_UNUSED_VARIABLE = YES;
				MACOSX_DEPLOYMENT_TARGET = 12.3;
				MTL_ENABLE_DEBUG_INFO = INCLUDE_SOURCE;
				MTL_FAST_MATH = YES;
				ONLY_ACTIVE_ARCH = YES;
				SDKROOT = macosx;
				SWIFT_ACTIVE_COMPILATION_CONDITIONS = DEBUG;
				SWIFT_OPTIMIZATION_LEVEL = "-Onone";
			};
			name = Debug;
		};
		4E10044B2906A4D800CC1384 /* Release */ = {
			isa = XCBuildConfiguration;
			buildSettings = {
				ALWAYS_SEARCH_USER_PATHS = NO;
				CLANG_ANALYZER_NONNULL = YES;
				CLANG_ANALYZER_NUMBER_OBJECT_CONVERSION = YES_AGGRESSIVE;
				CLANG_CXX_LANGUAGE_STANDARD = "gnu++17";
				CLANG_ENABLE_MODULES = YES;
				CLANG_ENABLE_OBJC_ARC = YES;
				CLANG_ENABLE_OBJC_WEAK = YES;
				CLANG_WARN_BLOCK_CAPTURE_AUTORELEASING = YES;
				CLANG_WARN_BOOL_CONVERSION = YES;
				CLANG_WARN_COMMA = YES;
				CLANG_WARN_CONSTANT_CONVERSION = YES;
				CLANG_WARN_DEPRECATED_OBJC_IMPLEMENTATIONS = YES;
				CLANG_WARN_DIRECT_OBJC_ISA_USAGE = YES_ERROR;
				CLANG_WARN_DOCUMENTATION_COMMENTS = YES;
				CLANG_WARN_EMPTY_BODY = YES;
				CLANG_WARN_ENUM_CONVERSION = YES;
				CLANG_WARN_INFINITE_RECURSION = YES;
				CLANG_WARN_INT_CONVERSION = YES;
				CLANG_WARN_NON_LITERAL_NULL_CONVERSION = YES;
				CLANG_WARN_OBJC_IMPLICIT_RETAIN_SELF = YES;
				CLANG_WARN_OBJC_LITERAL_CONVERSION = YES;
				CLANG_WARN_OBJC_ROOT_CLASS = YES_ERROR;
				CLANG_WARN_QUOTED_INCLUDE_IN_FRAMEWORK_HEADER = YES;
				CLANG_WARN_RANGE_LOOP_ANALYSIS = YES;
				CLANG_WARN_STRICT_PROTOTYPES = YES;
				CLANG_WARN_SUSPICIOUS_MOVE = YES;
				CLANG_WARN_UNGUARDED_AVAILABILITY = YES_AGGRESSIVE;
				CLANG_WARN_UNREACHABLE_CODE = YES;
				CLANG_WARN__DUPLICATE_METHOD_MATCH = YES;
				COPY_PHASE_STRIP = NO;
				DEBUG_INFORMATION_FORMAT = "dwarf-with-dsym";
				ENABLE_NS_ASSERTIONS = NO;
				ENABLE_STRICT_OBJC_MSGSEND = YES;
				GCC_C_LANGUAGE_STANDARD = gnu11;
				GCC_NO_COMMON_BLOCKS = YES;
				GCC_WARN_64_TO_32_BIT_CONVERSION = YES;
				GCC_WARN_ABOUT_RETURN_TYPE = YES_ERROR;
				GCC_WARN_UNDECLARED_SELECTOR = YES;
				GCC_WARN_UNINITIALIZED_AUTOS = YES_AGGRESSIVE;
				GCC_WARN_UNUSED_FUNCTION = YES;
				GCC_WARN_UNUSED_VARIABLE = YES;
				MACOSX_DEPLOYMENT_TARGET = 12.3;
				MTL_ENABLE_DEBUG_INFO = NO;
				MTL_FAST_MATH = YES;
				SDKROOT = macosx;
				SWIFT_COMPILATION_MODE = wholemodule;
				SWIFT_OPTIMIZATION_LEVEL = "-O";
			};
			name = Release;
		};
		4E10044D2906A4D800CC1384 /* Debug */ = {
			isa = XCBuildConfiguration;
			buildSettings = {
				CODE_SIGN_STYLE = Automatic;
				PRODUCT_NAME = "$(TARGET_NAME)";
				SWIFT_VERSION = 5.0;
			};
			name = Debug;
		};
		4E10044E2906A4D800CC1384 /* Release */ = {
			isa = XCBuildConfiguration;
			buildSettings = {
				CODE_SIGN_STYLE = Automatic;
				PRODUCT_NAME = "$(TARGET_NAME)";
				SWIFT_VERSION = 5.0;
			};
			name = Release;
		};
/* End XCBuildConfiguration section */

/* Begin XCConfigurationList section */
		4E1004402906A4D800CC1384 /* Build configuration list for PBXProject "French_Game_Factory" */ = {
			isa = XCConfigurationList;
			buildConfigurations = (
				4E10044A2906A4D800CC1384 /* Debug */,
				4E10044B2906A4D800CC1384 /* Release */,
			);
			defaultConfigurationIsVisible = 0;
			defaultConfigurationName = Release;
		};
		4E10044C2906A4D800CC1384 /* Build configuration list for PBXNativeTarget "French_Game_Factory" */ = {
			isa = XCConfigurationList;
			buildConfigurations = (
				4E10044D2906A4D800CC1384 /* Debug */,
				4E10044E2906A4D800CC1384 /* Release */,
			);
			defaultConfigurationIsVisible = 0;
			defaultConfigurationName = Release;
		};
/* End XCConfigurationList section */
	};
	rootObject = 4E10043D2906A4D800CC1384 /* Project object */;
}
